
Microsoft Visual Studio Solution File, Format Version 12.00
Project("{2150E333-8FDC-42A3-9474-1A3956D46DE8}") = "Domain", "Domain", "{2CC2E5C5-DBCC-4743-80F6-B7792848A9EC}"
EndProject
Project("{2150E333-8FDC-42A3-9474-1A3956D46DE8}") = "Infrastructure", "Infrastructure", "{CE4A546D-F2BB-466F-8B25-835E202C6170}"
EndProject
Project("{2150E333-8FDC-42A3-9474-1A3956D46DE8}") = "Presentation", "Presentation", "{E1A4C89D-7FA3-4F3C-B21C-F57606EBA947}"
EndProject
Project("{2150E333-8FDC-42A3-9474-1A3956D46DE8}") = "Tests", "Tests", "{11333338-A028-48A8-983A-0525A31858B7}"
EndProject
Project("{2150E333-8FDC-42A3-9474-1A3956D46DE8}") = "Data", "Data", "{05557F20-D9F1-4083-A617-A48180FDE1B5}"
EndProject
Project("{FAE04EC0-301F-11D3-BF4B-00C04F79EFBC}") = "Order.Core", "Order.Core\Order.Core.csproj", "{CC98907A-F197-4AC0-AD14-F5CCB8666372}"
EndProject
Project("{FAE04EC0-301F-11D3-BF4B-00C04F79EFBC}") = "xUnitTesting", "xUnitTesting\xUnitTesting.csproj", "{CCDFDE80-F256-4CF4-B48B-37088467788B}"
EndProject
Project("{FAE04EC0-301F-11D3-BF4B-00C04F79EFBC}") = "Order.Application", "Order.Application\Order.Application.csproj", "{34D3354B-DD2C-4943-A4F8-F37CC4A68316}"
EndProject
Project("{FAE04EC0-301F-11D3-BF4B-00C04F79EFBC}") = "Orders.Persistence", "Orders.Persistence\Orders.Persistence.csproj", "{D9839CEE-DA73-4577-991E-DF46847BEA3B}"
EndProject
Project("{FAE04EC0-301F-11D3-BF4B-00C04F79EFBC}") = "Orders.WebAPI", "Orders.WebAPI\Orders.WebAPI.csproj", "{CF04E631-156D-4243-8E88-4FA9E4E9318A}"
EndProject
Global
	GlobalSection(SolutionConfigurationPlatforms) = preSolution
		Debug|Any CPU = Debug|Any CPU
		Release|Any CPU = Release|Any CPU
	EndGlobalSection
	GlobalSection(NestedProjects) = preSolution
		{CC98907A-F197-4AC0-AD14-F5CCB8666372} = {2CC2E5C5-DBCC-4743-80F6-B7792848A9EC}
		{CCDFDE80-F256-4CF4-B48B-37088467788B} = {11333338-A028-48A8-983A-0525A31858B7}
		{34D3354B-DD2C-4943-A4F8-F37CC4A68316} = {2CC2E5C5-DBCC-4743-80F6-B7792848A9EC}
		{D9839CEE-DA73-4577-991E-DF46847BEA3B} = {CE4A546D-F2BB-466F-8B25-835E202C6170}
		{CF04E631-156D-4243-8E88-4FA9E4E9318A} = {E1A4C89D-7FA3-4F3C-B21C-F57606EBA947}
	EndGlobalSection
	GlobalSection(ProjectConfigurationPlatforms) = postSolution
		{CC98907A-F197-4AC0-AD14-F5CCB8666372}.Debug|Any CPU.ActiveCfg = Debug|Any CPU
		{CC98907A-F197-4AC0-AD14-F5CCB8666372}.Debug|Any CPU.Build.0 = Debug|Any CPU
		{CC98907A-F197-4AC0-AD14-F5CCB8666372}.Release|Any CPU.ActiveCfg = Release|Any CPU
		{CC98907A-F197-4AC0-AD14-F5CCB8666372}.Release|Any CPU.Build.0 = Release|Any CPU
		{CCDFDE80-F256-4CF4-B48B-37088467788B}.Debug|Any CPU.ActiveCfg = Debug|Any CPU
		{CCDFDE80-F256-4CF4-B48B-37088467788B}.Debug|Any CPU.Build.0 = Debug|Any CPU
		{CCDFDE80-F256-4CF4-B48B-37088467788B}.Release|Any CPU.ActiveCfg = Release|Any CPU
		{CCDFDE80-F256-4CF4-B48B-37088467788B}.Release|Any CPU.Build.0 = Release|Any CPU
		{34D3354B-DD2C-4943-A4F8-F37CC4A68316}.Debug|Any CPU.ActiveCfg = Debug|Any CPU
		{34D3354B-DD2C-4943-A4F8-F37CC4A68316}.Debug|Any CPU.Build.0 = Debug|Any CPU
		{34D3354B-DD2C-4943-A4F8-F37CC4A68316}.Release|Any CPU.ActiveCfg = Release|Any CPU
		{34D3354B-DD2C-4943-A4F8-F37CC4A68316}.Release|Any CPU.Build.0 = Release|Any CPU
		{D9839CEE-DA73-4577-991E-DF46847BEA3B}.Debug|Any CPU.ActiveCfg = Debug|Any CPU
		{D9839CEE-DA73-4577-991E-DF46847BEA3B}.Debug|Any CPU.Build.0 = Debug|Any CPU
		{D9839CEE-DA73-4577-991E-DF46847BEA3B}.Release|Any CPU.ActiveCfg = Release|Any CPU
		{D9839CEE-DA73-4577-991E-DF46847BEA3B}.Release|Any CPU.Build.0 = Release|Any CPU
		{CF04E631-156D-4243-8E88-4FA9E4E9318A}.Debug|Any CPU.ActiveCfg = Debug|Any CPU
		{CF04E631-156D-4243-8E88-4FA9E4E9318A}.Debug|Any CPU.Build.0 = Debug|Any CPU
		{CF04E631-156D-4243-8E88-4FA9E4E9318A}.Release|Any CPU.ActiveCfg = Release|Any CPU
		{CF04E631-156D-4243-8E88-4FA9E4E9318A}.Release|Any CPU.Build.0 = Release|Any CPU
	EndGlobalSection
EndGlobal
